
Microsoft Visual Studio Solution File, Format Version 12.00
# Visual Studio 15
VisualStudioVersion = 15.0.28307.421
MinimumVisualStudioVersion = 10.0.40219.1
Project("{FAE04EC0-301F-11D3-BF4B-00C04F79EFBC}") = "ConsoleApp1", "ConsoleApp1\ConsoleApp1.csproj", "{DB6C6ACC-71E7-4F90-B0E3-D197FBB3380D}"
EndProject
Global
	GlobalSection(SolutionConfigurationPlatforms) = preSolution
		Debug|Any CPU = Debug|Any CPU
		Release|Any CPU = Release|Any CPU
	EndGlobalSection
	GlobalSection(ProjectConfigurationPlatforms) = postSolution
		{DB6C6ACC-71E7-4F90-B0E3-D197FBB3380D}.Debug|Any CPU.ActiveCfg = Debug|Any CPU
		{DB6C6ACC-71E7-4F90-B0E3-D197FBB3380D}.Debug|Any CPU.Build.0 = Debug|Any CPU
		{DB6C6ACC-71E7-4F90-B0E3-D197FBB3380D}.Release|Any CPU.ActiveCfg = Release|Any CPU
		{DB6C6ACC-71E7-4F90-B0E3-D197FBB3380D}.Release|Any CPU.Build.0 = Release|Any CPU
	EndGlobalSection
	GlobalSection(SolutionProperties) = preSolution
		HideSolutionNode = FALSE
	EndGlobalSection
	GlobalSection(ExtensibilityGlobals) = postSolution
		SolutionGuid = {D901C981-930E-49D3-90D5-79795D19585D}
	EndGlobalSection
EndGlobal
